// !$*UTF8*$!
{
	archiveVersion = 1;
	classes = {
	};
	objectVersion = 46;
	objects = {

/* Begin PBXBuildFile section */
		E7B12AE91F5CFED70070FCA7 /* main.m in Sources */ = {isa = PBXBuildFile; fileRef = E7B12AE81F5CFED70070FCA7 /* main.m */; };
		E7B12AEC1F5CFED70070FCA7 /* AppDelegate.m in Sources */ = {isa = PBXBuildFile; fileRef = E7B12AEB1F5CFED70070FCA7 /* AppDelegate.m */; };
		E7B12AEF1F5CFED70070FCA7 /* ViewController.m in Sources */ = {isa = PBXBuildFile; fileRef = E7B12AEE1F5CFED70070FCA7 /* ViewController.m */; };
		E7B12AF21F5CFED70070FCA7 /* Main.storyboard in Resources */ = {isa = PBXBuildFile; fileRef = E7B12AF01F5CFED70070FCA7 /* Main.storyboard */; };
		E7B12AF41F5CFED70070FCA7 /* Assets.xcassets in Resources */ = {isa = PBXBuildFile; fileRef = E7B12AF31F5CFED70070FCA7 /* Assets.xcassets */; };
		E7B12AF71F5CFED70070FCA7 /* LaunchScreen.storyboard in Resources */ = {isa = PBXBuildFile; fileRef = E7B12AF51F5CFED70070FCA7 /* LaunchScreen.storyboard */; };
		E7B12B011F5CFF140070FCA7 /* State.m in Sources */ = {isa = PBXBuildFile; fileRef = E7B12B001F5CFF140070FCA7 /* State.m */; };
		E7B12B041F5CFF3A0070FCA7 /* Context.m in Sources */ = {isa = PBXBuildFile; fileRef = E7B12B031F5CFF3A0070FCA7 /* Context.m */; };
		E7B12B071F5D01880070FCA7 /* ConcreteStateA.m in Sources */ = {isa = PBXBuildFile; fileRef = E7B12B061F5D01880070FCA7 /* ConcreteStateA.m */; };
		E7B12B0A1F5D01900070FCA7 /* ConcreteStateB.m in Sources */ = {isa = PBXBuildFile; fileRef = E7B12B091F5D01900070FCA7 /* ConcreteStateB.m */; };
/* End PBXBuildFile section */

/* Begin PBXFileReference section */
		E7B12AE41F5CFED70070FCA7 /* State.app */ = {isa = PBXFileReference; explicitFileType = wrapper.application; includeInIndex = 0; path = State.app; sourceTree = BUILT_PRODUCTS_DIR; };
		E7B12AE81F5CFED70070FCA7 /* main.m */ = {isa = PBXFileReference; lastKnownFileType = sourcecode.c.objc; path = main.m; sourceTree = "<group>"; };
		E7B12AEA1F5CFED70070FCA7 /* AppDelegate.h */ = {isa = PBXFileReference; lastKnownFileType = sourcecode.c.h; path = AppDelegate.h; sourceTree = "<group>"; };
		E7B12AEB1F5CFED70070FCA7 /* AppDelegate.m */ = {isa = PBXFileReference; lastKnownFileType = sourcecode.c.objc; path = AppDelegate.m; sourceTree = "<group>"; };
		E7B12AED1F5CFED70070FCA7 /* ViewController.h */ = {isa = PBXFileReference; lastKnownFileType = sourcecode.c.h; path = ViewController.h; sourceTree = "<group>"; };
		E7B12AEE1F5CFED70070FCA7 /* ViewController.m */ = {isa = PBXFileReference; lastKnownFileType = sourcecode.c.objc; path = ViewController.m; sourceTree = "<group>"; };
		E7B12AF11F5CFED70070FCA7 /* Base */ = {isa = PBXFileReference; lastKnownFileType = file.storyboard; name = Base; path = Base.lproj/Main.storyboard; sourceTree = "<group>"; };
		E7B12AF31F5CFED70070FCA7 /* Assets.xcassets */ = {isa = PBXFileReference; lastKnownFileType = folder.assetcatalog; path = Assets.xcassets; sourceTree = "<group>"; };
		E7B12AF61F5CFED70070FCA7 /* Base */ = {isa = PBXFileReference; lastKnownFileType = file.storyboard; name = Base; path = Base.lproj/LaunchScreen.storyboard; sourceTree = "<group>"; };
		E7B12AF81F5CFED70070FCA7 /* Info.plist */ = {isa = PBXFileReference; lastKnownFileType = text.plist.xml; path = Info.plist; sourceTree = "<group>"; };
		E7B12AFF1F5CFF140070FCA7 /* State.h */ = {isa = PBXFileReference; fileEncoding = 4; lastKnownFileType = sourcecode.c.h; path = State.h; sourceTree = "<group>"; };
		E7B12B001F5CFF140070FCA7 /* State.m */ = {isa = PBXFileReference; fileEncoding = 4; lastKnownFileType = sourcecode.c.objc; path = State.m; sourceTree = "<group>"; };
		E7B12B021F5CFF3A0070FCA7 /* Context.h */ = {isa = PBXFileReference; fileEncoding = 4; lastKnownFileType = sourcecode.c.h; path = Context.h; sourceTree = "<group>"; };
		E7B12B031F5CFF3A0070FCA7 /* Context.m */ = {isa = PBXFileReference; fileEncoding = 4; lastKnownFileType = sourcecode.c.objc; path = Context.m; sourceTree = "<group>"; };
		E7B12B051F5D01880070FCA7 /* ConcreteStateA.h */ = {isa = PBXFileReference; fileEncoding = 4; lastKnownFileType = sourcecode.c.h; path = ConcreteStateA.h; sourceTree = "<group>"; };
		E7B12B061F5D01880070FCA7 /* ConcreteStateA.m */ = {isa = PBXFileReference; fileEncoding = 4; lastKnownFileType = sourcecode.c.objc; path = ConcreteStateA.m; sourceTree = "<group>"; };
		E7B12B081F5D01900070FCA7 /* ConcreteStateB.h */ = {isa = PBXFileReference; fileEncoding = 4; lastKnownFileType = sourcecode.c.h; path = ConcreteStateB.h; sourceTree = "<group>"; };
		E7B12B091F5D01900070FCA7 /* ConcreteStateB.m */ = {isa = PBXFileReference; fileEncoding = 4; lastKnownFileType = sourcecode.c.objc; path = ConcreteStateB.m; sourceTree = "<group>"; };
/* End PBXFileReference section */

/* Begin PBXFrameworksBuildPhase section */
		E7B12AE11F5CFED70070FCA7 /* Frameworks */ = {
			isa = PBXFrameworksBuildPhase;
			buildActionMask = 2147483647;
			files = (
			);
			runOnlyForDeploymentPostprocessing = 0;
		};
/* End PBXFrameworksBuildPhase section */

/* Begin PBXGroup section */
		E7B12ADB1F5CFED70070FCA7 = {
			isa = PBXGroup;
			children = (
				E7B12AE61F5CFED70070FCA7 /* State */,
				E7B12AE51F5CFED70070FCA7 /* Products */,
			);
			sourceTree = "<group>";
		};
		E7B12AE51F5CFED70070FCA7 /* Products */ = {
			isa = PBXGroup;
			children = (
				E7B12AE41F5CFED70070FCA7 /* State.app */,
			);
			name = Products;
			sourceTree = "<group>";
		};
		E7B12AE61F5CFED70070FCA7 /* State */ = {
			isa = PBXGroup;
			children = (
				E7B12AFE1F5CFEDB0070FCA7 /* Models */,
				E7B12AEA1F5CFED70070FCA7 /* AppDelegate.h */,
				E7B12AEB1F5CFED70070FCA7 /* AppDelegate.m */,
				E7B12AED1F5CFED70070FCA7 /* ViewController.h */,
				E7B12AEE1F5CFED70070FCA7 /* ViewController.m */,
				E7B12AF01F5CFED70070FCA7 /* Main.storyboard */,
				E7B12AF31F5CFED70070FCA7 /* Assets.xcassets */,
				E7B12AF51F5CFED70070FCA7 /* LaunchScreen.storyboard */,
				E7B12AF81F5CFED70070FCA7 /* Info.plist */,
				E7B12AE71F5CFED70070FCA7 /* Supporting Files */,
			);
			path = State;
			sourceTree = "<group>";
		};
		E7B12AE71F5CFED70070FCA7 /* Supporting Files */ = {
			isa = PBXGroup;
			children = (
				E7B12AE81F5CFED70070FCA7 /* main.m */,
			);
			name = "Supporting Files";
			sourceTree = "<group>";
		};
		E7B12AFE1F5CFEDB0070FCA7 /* Models */ = {
			isa = PBXGroup;
			children = (
				E7B12AFF1F5CFF140070FCA7 /* State.h */,
				E7B12B001F5CFF140070FCA7 /* State.m */,
				E7B12B051F5D01880070FCA7 /* ConcreteStateA.h */,
				E7B12B061F5D01880070FCA7 /* ConcreteStateA.m */,
				E7B12B081F5D01900070FCA7 /* ConcreteStateB.h */,
				E7B12B091F5D01900070FCA7 /* ConcreteStateB.m */,
				E7B12B021F5CFF3A0070FCA7 /* Context.h */,
				E7B12B031F5CFF3A0070FCA7 /* Context.m */,
			);
			name = Models;
			sourceTree = "<group>";
		};
/* End PBXGroup section */

/* Begin PBXNativeTarget section */
		E7B12AE31F5CFED70070FCA7 /* State */ = {
			isa = PBXNativeTarget;
			buildConfigurationList = E7B12AFB1F5CFED70070FCA7 /* Build configuration list for PBXNativeTarget "State" */;
			buildPhases = (
				E7B12AE01F5CFED70070FCA7 /* Sources */,
				E7B12AE11F5CFED70070FCA7 /* Frameworks */,
				E7B12AE21F5CFED70070FCA7 /* Resources */,
			);
			buildRules = (
			);
			dependencies = (
			);
			name = State;
			productName = State;
			productReference = E7B12AE41F5CFED70070FCA7 /* State.app */;
			productType = "com.apple.product-type.application";
		};
/* End PBXNativeTarget section */

/* Begin PBXProject section */
		E7B12ADC1F5CFED70070FCA7 /* Project object */ = {
			isa = PBXProject;
			attributes = {
				LastUpgradeCheck = 0830;
				ORGANIZATIONNAME = DeveloperZhang;
				TargetAttributes = {
					E7B12AE31F5CFED70070FCA7 = {
						CreatedOnToolsVersion = 8.3.2;
						ProvisioningStyle = Automatic;
					};
				};
			};
			buildConfigurationList = E7B12ADF1F5CFED70070FCA7 /* Build configuration list for PBXProject "State" */;
			compatibilityVersion = "Xcode 3.2";
			developmentRegion = English;
			hasScannedForEncodings = 0;
			knownRegions = (
				en,
				Base,
			);
			mainGroup = E7B12ADB1F5CFED70070FCA7;
			productRefGroup = E7B12AE51F5CFED70070FCA7 /* Products */;
			projectDirPath = "";
			projectRoot = "";
			targets = (
				E7B12AE31F5CFED70070FCA7 /* State */,
			);
		};
/* End PBXProject section */

/* Begin PBXResourcesBuildPhase section */
		E7B12AE21F5CFED70070FCA7 /* Resources */ = {
			isa = PBXResourcesBuildPhase;
			buildActionMask = 2147483647;
			files = (
				E7B12AF71F5CFED70070FCA7 /* LaunchScreen.storyboard in Resources */,
				E7B12AF41F5CFED70070FCA7 /* Assets.xcassets in Resources */,
				E7B12AF21F5CFED70070FCA7 /* Main.storyboard in Resources */,
			);
			runOnlyForDeploymentPostprocessing = 0;
		};
/* End PBXResourcesBuildPhase section */

/* Begin PBXSourcesBuildPhase section */
		E7B12AE01F5CFED70070FCA7 /* Sources */ = {
			isa = PBXSourcesBuildPhase;
			buildActionMask = 2147483647;
			files = (
				E7B12B0A1F5D01900070FCA7 /* ConcreteStateB.m in Sources */,
				E7B12AEF1F5CFED70070FCA7 /* ViewController.m in Sources */,
				E7B12AEC1F5CFED70070FCA7 /* AppDelegate.m in Sources */,
				E7B12AE91F5CFED70070FCA7 /* main.m in Sources */,
				E7B12B041F5CFF3A0070FCA7 /* Context.m in Sources */,
				E7B12B071F5D01880070FCA7 /* ConcreteStateA.m in Sources */,
				E7B12B011F5CFF140070FCA7 /* State.m in Sources */,
			);
			runOnlyForDeploymentPostprocessing = 0;
		};
/* End PBXSourcesBuildPhase section */

/* Begin PBXVariantGroup section */
		E7B12AF01F5CFED70070FCA7 /* Main.storyboard */ = {
			isa = PBXVariantGroup;
			children = (
				E7B12AF11F5CFED70070FCA7 /* Base */,
			);
			name = Main.storyboard;
			sourceTree = "<group>";
		};
		E7B12AF51F5CFED70070FCA7 /* LaunchScreen.storyboard */ = {
			isa = PBXVariantGroup;
			children = (
				E7B12AF61F5CFED70070FCA7 /* Base */,
			);
			name = LaunchScreen.storyboard;
			sourceTree = "<group>";
		};
/* End PBXVariantGroup section */

/* Begin XCBuildConfiguration section */
		E7B12AF91F5CFED70070FCA7 /* Debug */ = {
			isa = XCBuildConfiguration;
			buildSettings = {
				ALWAYS_SEARCH_USER_PATHS = NO;
				CLANG_ANALYZER_NONNULL = YES;
				CLANG_ANALYZER_NUMBER_OBJECT_CONVERSION = YES_AGGRESSIVE;
				CLANG_CXX_LANGUAGE_STANDARD = "gnu++0x";
				CLANG_CXX_LIBRARY = "libc++";
				CLANG_ENABLE_MODULES = YES;
				CLANG_ENABLE_OBJC_ARC = YES;
				CLANG_WARN_BOOL_CONVERSION = YES;
				CLANG_WARN_CONSTANT_CONVERSION = YES;
				CLANG_WARN_DIRECT_OBJC_ISA_USAGE = YES_ERROR;
				CLANG_WARN_DOCUMENTATION_COMMENTS = YES;
				CLANG_WARN_EMPTY_BODY = YES;
				CLANG_WARN_ENUM_CONVERSION = YES;
				CLANG_WARN_INFINITE_RECURSION = YES;
				CLANG_WARN_INT_CONVERSION = YES;
				CLANG_WARN_OBJC_ROOT_CLASS = YES_ERROR;
				CLANG_WARN_SUSPICIOUS_MOVE = YES;
				CLANG_WARN_UNREACHABLE_CODE = YES;
				CLANG_WARN__DUPLICATE_METHOD_MATCH = YES;
				"CODE_SIGN_IDENTITY[sdk=iphoneos*]" = "iPhone Developer";
				COPY_PHASE_STRIP = NO;
				DEBUG_INFORMATION_FORMAT = dwarf;
				ENABLE_STRICT_OBJC_MSGSEND = YES;
				ENABLE_TESTABILITY = YES;
				GCC_C_LANGUAGE_STANDARD = gnu99;
				GCC_DYNAMIC_NO_PIC = NO;
				GCC_NO_COMMON_BLOCKS = YES;
				GCC_OPTIMIZATION_LEVEL = 0;
				GCC_PREPROCESSOR_DEFINITIONS = (
					"DEBUG=1",
					"$(inherited)",
				);
				GCC_WARN_64_TO_32_BIT_CONVERSION = YES;
				GCC_WARN_ABOUT_RETURN_TYPE = YES_ERROR;
				GCC_WARN_UNDECLARED_SELECTOR = YES;
				GCC_WARN_UNINITIALIZED_AUTOS = YES_AGGRESSIVE;
				GCC_WARN_UNUSED_FUNCTION = YES;
				GCC_WARN_UNUSED_VARIABLE = YES;
				IPHONEOS_DEPLOYMENT_TARGET = 10.3;
				MTL_ENABLE_DEBUG_INFO = YES;
				ONLY_ACTIVE_ARCH = YES;
				SDKROOT = iphoneos;
			};
			name = Debug;
		};
		E7B12AFA1F5CFED70070FCA7 /* Release */ = {
			isa = XCBuildConfiguration;
			buildSettings = {
				ALWAYS_SEARCH_USER_PATHS = NO;
				CLANG_ANALYZER_NONNULL = YES;
				CLANG_ANALYZER_NUMBER_OBJECT_CONVERSION = YES_AGGRESSIVE;
				CLANG_CXX_LANGUAGE_STANDARD = "gnu++0x";
				CLANG_CXX_LIBRARY = "libc++";
				CLANG_ENABLE_MODULES = YES;
				CLANG_ENABLE_OBJC_ARC = YES;
				CLANG_WARN_BOOL_CONVERSION = YES;
				CLANG_WARN_CONSTANT_CONVERSION = YES;
				CLANG_WARN_DIRECT_OBJC_ISA_USAGE = YES_ERROR;
				CLANG_WARN_DOCUMENTATION_COMMENTS = YES;
				CLANG_WARN_EMPTY_BODY = YES;
				CLANG_WARN_ENUM_CONVERSION = YES;
				CLANG_WARN_INFINITE_RECURSION = YES;
				CLANG_WARN_INT_CONVERSION = YES;
				CLANG_WARN_OBJC_ROOT_CLASS = YES_ERROR;
				CLANG_WARN_SUSPICIOUS_MOVE = YES;
				CLANG_WARN_UNREACHABLE_CODE = YES;
				CLANG_WARN__DUPLICATE_METHOD_MATCH = YES;
				"CODE_SIGN_IDENTITY[sdk=iphoneos*]" = "iPhone Developer";
				COPY_PHASE_STRIP = NO;
				DEBUG_INFORMATION_FORMAT = "dwarf-with-dsym";
				ENABLE_NS_ASSERTIONS = NO;
				ENABLE_STRICT_OBJC_MSGSEND = YES;
				GCC_C_LANGUAGE_STANDARD = gnu99;
				GCC_NO_COMMON_BLOCKS = YES;
				GCC_WARN_64_TO_32_BIT_CONVERSION = YES;
				GCC_WARN_ABOUT_RETURN_TYPE = YES_ERROR;
				GCC_WARN_UNDECLARED_SELECTOR = YES;
				GCC_WARN_UNINITIALIZED_AUTOS = YES_AGGRESSIVE;
				GCC_WARN_UNUSED_FUNCTION = YES;
				GCC_WARN_UNUSED_VARIABLE = YES;
				IPHONEOS_DEPLOYMENT_TARGET = 10.3;
				MTL_ENABLE_DEBUG_INFO = NO;
				SDKROOT = iphoneos;
				VALIDATE_PRODUCT = YES;
			};
			name = Release;
		};
		E7B12AFC1F5CFED70070FCA7 /* Debug */ = {
			isa = XCBuildConfiguration;
			buildSettings = {
				ASSETCATALOG_COMPILER_APPICON_NAME = AppIcon;
				INFOPLIST_FILE = State/Info.plist;
				LD_RUNPATH_SEARCH_PATHS = "$(inherited) @executable_path/Frameworks";
				PRODUCT_BUNDLE_IDENTIFIER = com.vicentz.State;
				PRODUCT_NAME = "$(TARGET_NAME)";
			};
			name = Debug;
		};
		E7B12AFD1F5CFED70070FCA7 /* Release */ = {
			isa = XCBuildConfiguration;
			buildSettings = {
				ASSETCATALOG_COMPILER_APPICON_NAME = AppIcon;
				INFOPLIST_FILE = State/Info.plist;
				LD_RUNPATH_SEARCH_PATHS = "$(inherited) @executable_path/Frameworks";
				PRODUCT_BUNDLE_IDENTIFIER = com.vicentz.State;
				PRODUCT_NAME = "$(TARGET_NAME)";
			};
			name = Release;
		};
/* End XCBuildConfiguration section */

/* Begin XCConfigurationList section */
		E7B12ADF1F5CFED70070FCA7 /* Build configuration list for PBXProject "State" */ = {
			isa = XCConfigurationList;
			buildConfigurations = (
				E7B12AF91F5CFED70070FCA7 /* Debug */,
				E7B12AFA1F5CFED70070FCA7 /* Release */,
			);
			defaultConfigurationIsVisible = 0;
			defaultConfigurationName = Release;
		};
		E7B12AFB1F5CFED70070FCA7 /* Build configuration list for PBXNativeTarget "State" */ = {
			isa = XCConfigurationList;
			buildConfigurations = (
				E7B12AFC1F5CFED70070FCA7 /* Debug */,
				E7B12AFD1F5CFED70070FCA7 /* Release */,
			);
			defaultConfigurationIsVisible = 0;
		};
/* End XCConfigurationList section */
	};
	rootObject = E7B12ADC1F5CFED70070FCA7 /* Project object */;
}
