// !$*UTF8*$!
{
	archiveVersion = 1;
	classes = {
	};
	objectVersion = 46;
	objects = {

/* Begin PBXBuildFile section */
		E7A0A5D21F3179C300226D01 /* main.m in Sources */ = {isa = PBXBuildFile; fileRef = E7A0A5D11F3179C300226D01 /* main.m */; };
		E7A0A5D51F3179C300226D01 /* AppDelegate.m in Sources */ = {isa = PBXBuildFile; fileRef = E7A0A5D41F3179C300226D01 /* AppDelegate.m */; };
		E7A0A5D81F3179C300226D01 /* ViewController.m in Sources */ = {isa = PBXBuildFile; fileRef = E7A0A5D71F3179C300226D01 /* ViewController.m */; };
		E7A0A5DB1F3179C300226D01 /* Main.storyboard in Resources */ = {isa = PBXBuildFile; fileRef = E7A0A5D91F3179C300226D01 /* Main.storyboard */; };
		E7A0A5DD1F3179C300226D01 /* Assets.xcassets in Resources */ = {isa = PBXBuildFile; fileRef = E7A0A5DC1F3179C300226D01 /* Assets.xcassets */; };
		E7A0A5E01F3179C300226D01 /* LaunchScreen.storyboard in Resources */ = {isa = PBXBuildFile; fileRef = E7A0A5DE1F3179C300226D01 /* LaunchScreen.storyboard */; };
		E7A0A5EA1F317C2900226D01 /* OperationFactory.m in Sources */ = {isa = PBXBuildFile; fileRef = E7A0A5E91F317C2900226D01 /* OperationFactory.m */; };
		E7A0A5ED1F317C8900226D01 /* Operation.m in Sources */ = {isa = PBXBuildFile; fileRef = E7A0A5EC1F317C8900226D01 /* Operation.m */; };
		E7A0A5F01F317D2800226D01 /* OperationAdd.m in Sources */ = {isa = PBXBuildFile; fileRef = E7A0A5EF1F317D2800226D01 /* OperationAdd.m */; };
		E7A0A5F31F317D6900226D01 /* OperationSub.m in Sources */ = {isa = PBXBuildFile; fileRef = E7A0A5F21F317D6900226D01 /* OperationSub.m */; };
		E7A0A5F61F317D9D00226D01 /* OperationMul.m in Sources */ = {isa = PBXBuildFile; fileRef = E7A0A5F51F317D9D00226D01 /* OperationMul.m */; };
		E7A0A5F91F317DA500226D01 /* OperationDiv.m in Sources */ = {isa = PBXBuildFile; fileRef = E7A0A5F81F317DA500226D01 /* OperationDiv.m */; };
/* End PBXBuildFile section */

/* Begin PBXFileReference section */
		E7A0A5CD1F3179C300226D01 /* SimpleFactoryDemo.app */ = {isa = PBXFileReference; explicitFileType = wrapper.application; includeInIndex = 0; path = SimpleFactoryDemo.app; sourceTree = BUILT_PRODUCTS_DIR; };
		E7A0A5D11F3179C300226D01 /* main.m */ = {isa = PBXFileReference; lastKnownFileType = sourcecode.c.objc; path = main.m; sourceTree = "<group>"; };
		E7A0A5D31F3179C300226D01 /* AppDelegate.h */ = {isa = PBXFileReference; lastKnownFileType = sourcecode.c.h; path = AppDelegate.h; sourceTree = "<group>"; };
		E7A0A5D41F3179C300226D01 /* AppDelegate.m */ = {isa = PBXFileReference; lastKnownFileType = sourcecode.c.objc; path = AppDelegate.m; sourceTree = "<group>"; };
		E7A0A5D61F3179C300226D01 /* ViewController.h */ = {isa = PBXFileReference; lastKnownFileType = sourcecode.c.h; path = ViewController.h; sourceTree = "<group>"; };
		E7A0A5D71F3179C300226D01 /* ViewController.m */ = {isa = PBXFileReference; lastKnownFileType = sourcecode.c.objc; path = ViewController.m; sourceTree = "<group>"; };
		E7A0A5DA1F3179C300226D01 /* Base */ = {isa = PBXFileReference; lastKnownFileType = file.storyboard; name = Base; path = Base.lproj/Main.storyboard; sourceTree = "<group>"; };
		E7A0A5DC1F3179C300226D01 /* Assets.xcassets */ = {isa = PBXFileReference; lastKnownFileType = folder.assetcatalog; path = Assets.xcassets; sourceTree = "<group>"; };
		E7A0A5DF1F3179C300226D01 /* Base */ = {isa = PBXFileReference; lastKnownFileType = file.storyboard; name = Base; path = Base.lproj/LaunchScreen.storyboard; sourceTree = "<group>"; };
		E7A0A5E11F3179C300226D01 /* Info.plist */ = {isa = PBXFileReference; lastKnownFileType = text.plist.xml; path = Info.plist; sourceTree = "<group>"; };
		E7A0A5E81F317C2900226D01 /* OperationFactory.h */ = {isa = PBXFileReference; fileEncoding = 4; lastKnownFileType = sourcecode.c.h; path = OperationFactory.h; sourceTree = "<group>"; };
		E7A0A5E91F317C2900226D01 /* OperationFactory.m */ = {isa = PBXFileReference; fileEncoding = 4; lastKnownFileType = sourcecode.c.objc; path = OperationFactory.m; sourceTree = "<group>"; };
		E7A0A5EB1F317C8900226D01 /* Operation.h */ = {isa = PBXFileReference; fileEncoding = 4; lastKnownFileType = sourcecode.c.h; path = Operation.h; sourceTree = "<group>"; };
		E7A0A5EC1F317C8900226D01 /* Operation.m */ = {isa = PBXFileReference; fileEncoding = 4; lastKnownFileType = sourcecode.c.objc; path = Operation.m; sourceTree = "<group>"; };
		E7A0A5EE1F317D2800226D01 /* OperationAdd.h */ = {isa = PBXFileReference; fileEncoding = 4; lastKnownFileType = sourcecode.c.h; path = OperationAdd.h; sourceTree = "<group>"; };
		E7A0A5EF1F317D2800226D01 /* OperationAdd.m */ = {isa = PBXFileReference; fileEncoding = 4; lastKnownFileType = sourcecode.c.objc; path = OperationAdd.m; sourceTree = "<group>"; };
		E7A0A5F11F317D6900226D01 /* OperationSub.h */ = {isa = PBXFileReference; fileEncoding = 4; lastKnownFileType = sourcecode.c.h; path = OperationSub.h; sourceTree = "<group>"; };
		E7A0A5F21F317D6900226D01 /* OperationSub.m */ = {isa = PBXFileReference; fileEncoding = 4; lastKnownFileType = sourcecode.c.objc; path = OperationSub.m; sourceTree = "<group>"; };
		E7A0A5F41F317D9D00226D01 /* OperationMul.h */ = {isa = PBXFileReference; fileEncoding = 4; lastKnownFileType = sourcecode.c.h; path = OperationMul.h; sourceTree = "<group>"; };
		E7A0A5F51F317D9D00226D01 /* OperationMul.m */ = {isa = PBXFileReference; fileEncoding = 4; lastKnownFileType = sourcecode.c.objc; path = OperationMul.m; sourceTree = "<group>"; };
		E7A0A5F71F317DA500226D01 /* OperationDiv.h */ = {isa = PBXFileReference; fileEncoding = 4; lastKnownFileType = sourcecode.c.h; path = OperationDiv.h; sourceTree = "<group>"; };
		E7A0A5F81F317DA500226D01 /* OperationDiv.m */ = {isa = PBXFileReference; fileEncoding = 4; lastKnownFileType = sourcecode.c.objc; path = OperationDiv.m; sourceTree = "<group>"; };
/* End PBXFileReference section */

/* Begin PBXFrameworksBuildPhase section */
		E7A0A5CA1F3179C300226D01 /* Frameworks */ = {
			isa = PBXFrameworksBuildPhase;
			buildActionMask = 2147483647;
			files = (
			);
			runOnlyForDeploymentPostprocessing = 0;
		};
/* End PBXFrameworksBuildPhase section */

/* Begin PBXGroup section */
		E7A0A5C41F3179C300226D01 = {
			isa = PBXGroup;
			children = (
				E7A0A5CF1F3179C300226D01 /* SimpleFactoryDemo */,
				E7A0A5CE1F3179C300226D01 /* Products */,
			);
			sourceTree = "<group>";
		};
		E7A0A5CE1F3179C300226D01 /* Products */ = {
			isa = PBXGroup;
			children = (
				E7A0A5CD1F3179C300226D01 /* SimpleFactoryDemo.app */,
			);
			name = Products;
			sourceTree = "<group>";
		};
		E7A0A5CF1F3179C300226D01 /* SimpleFactoryDemo */ = {
			isa = PBXGroup;
			children = (
				E7A0A5E71F317BF200226D01 /* Models */,
				E7A0A5D31F3179C300226D01 /* AppDelegate.h */,
				E7A0A5D41F3179C300226D01 /* AppDelegate.m */,
				E7A0A5D61F3179C300226D01 /* ViewController.h */,
				E7A0A5D71F3179C300226D01 /* ViewController.m */,
				E7A0A5D91F3179C300226D01 /* Main.storyboard */,
				E7A0A5DC1F3179C300226D01 /* Assets.xcassets */,
				E7A0A5DE1F3179C300226D01 /* LaunchScreen.storyboard */,
				E7A0A5E11F3179C300226D01 /* Info.plist */,
				E7A0A5D01F3179C300226D01 /* Supporting Files */,
			);
			path = SimpleFactoryDemo;
			sourceTree = "<group>";
		};
		E7A0A5D01F3179C300226D01 /* Supporting Files */ = {
			isa = PBXGroup;
			children = (
				E7A0A5D11F3179C300226D01 /* main.m */,
			);
			name = "Supporting Files";
			sourceTree = "<group>";
		};
		E7A0A5E71F317BF200226D01 /* Models */ = {
			isa = PBXGroup;
			children = (
				E7A0A5E81F317C2900226D01 /* OperationFactory.h */,
				E7A0A5E91F317C2900226D01 /* OperationFactory.m */,
				E7A0A5EB1F317C8900226D01 /* Operation.h */,
				E7A0A5EC1F317C8900226D01 /* Operation.m */,
				E7A0A5EE1F317D2800226D01 /* OperationAdd.h */,
				E7A0A5EF1F317D2800226D01 /* OperationAdd.m */,
				E7A0A5F11F317D6900226D01 /* OperationSub.h */,
				E7A0A5F21F317D6900226D01 /* OperationSub.m */,
				E7A0A5F41F317D9D00226D01 /* OperationMul.h */,
				E7A0A5F51F317D9D00226D01 /* OperationMul.m */,
				E7A0A5F71F317DA500226D01 /* OperationDiv.h */,
				E7A0A5F81F317DA500226D01 /* OperationDiv.m */,
			);
			path = Models;
			sourceTree = "<group>";
		};
/* End PBXGroup section */

/* Begin PBXNativeTarget section */
		E7A0A5CC1F3179C300226D01 /* SimpleFactoryDemo */ = {
			isa = PBXNativeTarget;
			buildConfigurationList = E7A0A5E41F3179C300226D01 /* Build configuration list for PBXNativeTarget "SimpleFactoryDemo" */;
			buildPhases = (
				E7A0A5C91F3179C300226D01 /* Sources */,
				E7A0A5CA1F3179C300226D01 /* Frameworks */,
				E7A0A5CB1F3179C300226D01 /* Resources */,
			);
			buildRules = (
			);
			dependencies = (
			);
			name = SimpleFactoryDemo;
			productName = SimpleFactoryDemo;
			productReference = E7A0A5CD1F3179C300226D01 /* SimpleFactoryDemo.app */;
			productType = "com.apple.product-type.application";
		};
/* End PBXNativeTarget section */

/* Begin PBXProject section */
		E7A0A5C51F3179C300226D01 /* Project object */ = {
			isa = PBXProject;
			attributes = {
				LastUpgradeCheck = 0830;
				ORGANIZATIONNAME = DeveloperZhang;
				TargetAttributes = {
					E7A0A5CC1F3179C300226D01 = {
						CreatedOnToolsVersion = 8.3.2;
						ProvisioningStyle = Automatic;
					};
				};
			};
			buildConfigurationList = E7A0A5C81F3179C300226D01 /* Build configuration list for PBXProject "SimpleFactoryDemo" */;
			compatibilityVersion = "Xcode 3.2";
			developmentRegion = English;
			hasScannedForEncodings = 0;
			knownRegions = (
				en,
				Base,
			);
			mainGroup = E7A0A5C41F3179C300226D01;
			productRefGroup = E7A0A5CE1F3179C300226D01 /* Products */;
			projectDirPath = "";
			projectRoot = "";
			targets = (
				E7A0A5CC1F3179C300226D01 /* SimpleFactoryDemo */,
			);
		};
/* End PBXProject section */

/* Begin PBXResourcesBuildPhase section */
		E7A0A5CB1F3179C300226D01 /* Resources */ = {
			isa = PBXResourcesBuildPhase;
			buildActionMask = 2147483647;
			files = (
				E7A0A5E01F3179C300226D01 /* LaunchScreen.storyboard in Resources */,
				E7A0A5DD1F3179C300226D01 /* Assets.xcassets in Resources */,
				E7A0A5DB1F3179C300226D01 /* Main.storyboard in Resources */,
			);
			runOnlyForDeploymentPostprocessing = 0;
		};
/* End PBXResourcesBuildPhase section */

/* Begin PBXSourcesBuildPhase section */
		E7A0A5C91F3179C300226D01 /* Sources */ = {
			isa = PBXSourcesBuildPhase;
			buildActionMask = 2147483647;
			files = (
				E7A0A5F61F317D9D00226D01 /* OperationMul.m in Sources */,
				E7A0A5F31F317D6900226D01 /* OperationSub.m in Sources */,
				E7A0A5D81F3179C300226D01 /* ViewController.m in Sources */,
				E7A0A5D51F3179C300226D01 /* AppDelegate.m in Sources */,
				E7A0A5ED1F317C8900226D01 /* Operation.m in Sources */,
				E7A0A5EA1F317C2900226D01 /* OperationFactory.m in Sources */,
				E7A0A5D21F3179C300226D01 /* main.m in Sources */,
				E7A0A5F91F317DA500226D01 /* OperationDiv.m in Sources */,
				E7A0A5F01F317D2800226D01 /* OperationAdd.m in Sources */,
			);
			runOnlyForDeploymentPostprocessing = 0;
		};
/* End PBXSourcesBuildPhase section */

/* Begin PBXVariantGroup section */
		E7A0A5D91F3179C300226D01 /* Main.storyboard */ = {
			isa = PBXVariantGroup;
			children = (
				E7A0A5DA1F3179C300226D01 /* Base */,
			);
			name = Main.storyboard;
			sourceTree = "<group>";
		};
		E7A0A5DE1F3179C300226D01 /* LaunchScreen.storyboard */ = {
			isa = PBXVariantGroup;
			children = (
				E7A0A5DF1F3179C300226D01 /* Base */,
			);
			name = LaunchScreen.storyboard;
			sourceTree = "<group>";
		};
/* End PBXVariantGroup section */

/* Begin XCBuildConfiguration section */
		E7A0A5E21F3179C300226D01 /* Debug */ = {
			isa = XCBuildConfiguration;
			buildSettings = {
				ALWAYS_SEARCH_USER_PATHS = NO;
				CLANG_ANALYZER_NONNULL = YES;
				CLANG_ANALYZER_NUMBER_OBJECT_CONVERSION = YES_AGGRESSIVE;
				CLANG_CXX_LANGUAGE_STANDARD = "gnu++0x";
				CLANG_CXX_LIBRARY = "libc++";
				CLANG_ENABLE_MODULES = YES;
				CLANG_ENABLE_OBJC_ARC = YES;
				CLANG_WARN_BOOL_CONVERSION = YES;
				CLANG_WARN_CONSTANT_CONVERSION = YES;
				CLANG_WARN_DIRECT_OBJC_ISA_USAGE = YES_ERROR;
				CLANG_WARN_DOCUMENTATION_COMMENTS = YES;
				CLANG_WARN_EMPTY_BODY = YES;
				CLANG_WARN_ENUM_CONVERSION = YES;
				CLANG_WARN_INFINITE_RECURSION = YES;
				CLANG_WARN_INT_CONVERSION = YES;
				CLANG_WARN_OBJC_ROOT_CLASS = YES_ERROR;
				CLANG_WARN_SUSPICIOUS_MOVE = YES;
				CLANG_WARN_UNREACHABLE_CODE = YES;
				CLANG_WARN__DUPLICATE_METHOD_MATCH = YES;
				"CODE_SIGN_IDENTITY[sdk=iphoneos*]" = "iPhone Developer";
				COPY_PHASE_STRIP = NO;
				DEBUG_INFORMATION_FORMAT = dwarf;
				ENABLE_STRICT_OBJC_MSGSEND = YES;
				ENABLE_TESTABILITY = YES;
				GCC_C_LANGUAGE_STANDARD = gnu99;
				GCC_DYNAMIC_NO_PIC = NO;
				GCC_NO_COMMON_BLOCKS = YES;
				GCC_OPTIMIZATION_LEVEL = 0;
				GCC_PREPROCESSOR_DEFINITIONS = (
					"DEBUG=1",
					"$(inherited)",
				);
				GCC_WARN_64_TO_32_BIT_CONVERSION = YES;
				GCC_WARN_ABOUT_RETURN_TYPE = YES_ERROR;
				GCC_WARN_UNDECLARED_SELECTOR = YES;
				GCC_WARN_UNINITIALIZED_AUTOS = YES_AGGRESSIVE;
				GCC_WARN_UNUSED_FUNCTION = YES;
				GCC_WARN_UNUSED_VARIABLE = YES;
				IPHONEOS_DEPLOYMENT_TARGET = 10.3;
				MTL_ENABLE_DEBUG_INFO = YES;
				ONLY_ACTIVE_ARCH = YES;
				SDKROOT = iphoneos;
			};
			name = Debug;
		};
		E7A0A5E31F3179C300226D01 /* Release */ = {
			isa = XCBuildConfiguration;
			buildSettings = {
				ALWAYS_SEARCH_USER_PATHS = NO;
				CLANG_ANALYZER_NONNULL = YES;
				CLANG_ANALYZER_NUMBER_OBJECT_CONVERSION = YES_AGGRESSIVE;
				CLANG_CXX_LANGUAGE_STANDARD = "gnu++0x";
				CLANG_CXX_LIBRARY = "libc++";
				CLANG_ENABLE_MODULES = YES;
				CLANG_ENABLE_OBJC_ARC = YES;
				CLANG_WARN_BOOL_CONVERSION = YES;
				CLANG_WARN_CONSTANT_CONVERSION = YES;
				CLANG_WARN_DIRECT_OBJC_ISA_USAGE = YES_ERROR;
				CLANG_WARN_DOCUMENTATION_COMMENTS = YES;
				CLANG_WARN_EMPTY_BODY = YES;
				CLANG_WARN_ENUM_CONVERSION = YES;
				CLANG_WARN_INFINITE_RECURSION = YES;
				CLANG_WARN_INT_CONVERSION = YES;
				CLANG_WARN_OBJC_ROOT_CLASS = YES_ERROR;
				CLANG_WARN_SUSPICIOUS_MOVE = YES;
				CLANG_WARN_UNREACHABLE_CODE = YES;
				CLANG_WARN__DUPLICATE_METHOD_MATCH = YES;
				"CODE_SIGN_IDENTITY[sdk=iphoneos*]" = "iPhone Developer";
				COPY_PHASE_STRIP = NO;
				DEBUG_INFORMATION_FORMAT = "dwarf-with-dsym";
				ENABLE_NS_ASSERTIONS = NO;
				ENABLE_STRICT_OBJC_MSGSEND = YES;
				GCC_C_LANGUAGE_STANDARD = gnu99;
				GCC_NO_COMMON_BLOCKS = YES;
				GCC_WARN_64_TO_32_BIT_CONVERSION = YES;
				GCC_WARN_ABOUT_RETURN_TYPE = YES_ERROR;
				GCC_WARN_UNDECLARED_SELECTOR = YES;
				GCC_WARN_UNINITIALIZED_AUTOS = YES_AGGRESSIVE;
				GCC_WARN_UNUSED_FUNCTION = YES;
				GCC_WARN_UNUSED_VARIABLE = YES;
				IPHONEOS_DEPLOYMENT_TARGET = 10.3;
				MTL_ENABLE_DEBUG_INFO = NO;
				SDKROOT = iphoneos;
				VALIDATE_PRODUCT = YES;
			};
			name = Release;
		};
		E7A0A5E51F3179C300226D01 /* Debug */ = {
			isa = XCBuildConfiguration;
			buildSettings = {
				ASSETCATALOG_COMPILER_APPICON_NAME = AppIcon;
				INFOPLIST_FILE = SimpleFactoryDemo/Info.plist;
				LD_RUNPATH_SEARCH_PATHS = "$(inherited) @executable_path/Frameworks";
				PRODUCT_BUNDLE_IDENTIFIER = com.vicentz.SimpleFactoryDemo;
				PRODUCT_NAME = "$(TARGET_NAME)";
			};
			name = Debug;
		};
		E7A0A5E61F3179C300226D01 /* Release */ = {
			isa = XCBuildConfiguration;
			buildSettings = {
				ASSETCATALOG_COMPILER_APPICON_NAME = AppIcon;
				INFOPLIST_FILE = SimpleFactoryDemo/Info.plist;
				LD_RUNPATH_SEARCH_PATHS = "$(inherited) @executable_path/Frameworks";
				PRODUCT_BUNDLE_IDENTIFIER = com.vicentz.SimpleFactoryDemo;
				PRODUCT_NAME = "$(TARGET_NAME)";
			};
			name = Release;
		};
/* End XCBuildConfiguration section */

/* Begin XCConfigurationList section */
		E7A0A5C81F3179C300226D01 /* Build configuration list for PBXProject "SimpleFactoryDemo" */ = {
			isa = XCConfigurationList;
			buildConfigurations = (
				E7A0A5E21F3179C300226D01 /* Debug */,
				E7A0A5E31F3179C300226D01 /* Release */,
			);
			defaultConfigurationIsVisible = 0;
			defaultConfigurationName = Release;
		};
		E7A0A5E41F3179C300226D01 /* Build configuration list for PBXNativeTarget "SimpleFactoryDemo" */ = {
			isa = XCConfigurationList;
			buildConfigurations = (
				E7A0A5E51F3179C300226D01 /* Debug */,
				E7A0A5E61F3179C300226D01 /* Release */,
			);
			defaultConfigurationIsVisible = 0;
		};
/* End XCConfigurationList section */
	};
	rootObject = E7A0A5C51F3179C300226D01 /* Project object */;
}
