// !$*UTF8*$!
{
	archiveVersion = 1;
	classes = {
	};
	objectVersion = 46;
	objects = {

/* Begin PBXBuildFile section */
		E73483211F6514140069E5A5 /* AppDelegate.swift in Sources */ = {isa = PBXBuildFile; fileRef = E73483201F6514140069E5A5 /* AppDelegate.swift */; };
		E73483231F6514140069E5A5 /* ViewController.swift in Sources */ = {isa = PBXBuildFile; fileRef = E73483221F6514140069E5A5 /* ViewController.swift */; };
		E73483261F6514140069E5A5 /* Main.storyboard in Resources */ = {isa = PBXBuildFile; fileRef = E73483241F6514140069E5A5 /* Main.storyboard */; };
		E73483281F6514140069E5A5 /* Assets.xcassets in Resources */ = {isa = PBXBuildFile; fileRef = E73483271F6514140069E5A5 /* Assets.xcassets */; };
		E734832B1F6514140069E5A5 /* LaunchScreen.storyboard in Resources */ = {isa = PBXBuildFile; fileRef = E73483291F6514140069E5A5 /* LaunchScreen.storyboard */; };
		E73483341F6514D10069E5A5 /* ConcreteMediator.swift in Sources */ = {isa = PBXBuildFile; fileRef = E73483331F6514D10069E5A5 /* ConcreteMediator.swift */; };
		E73483371F6515370069E5A5 /* Colleague.swift in Sources */ = {isa = PBXBuildFile; fileRef = E73483361F6515370069E5A5 /* Colleague.swift */; };
		E73483391F6518330069E5A5 /* ConcreteColleague1.swift in Sources */ = {isa = PBXBuildFile; fileRef = E73483381F6518330069E5A5 /* ConcreteColleague1.swift */; };
		E734833B1F65191B0069E5A5 /* ConcreteColleague2.swift in Sources */ = {isa = PBXBuildFile; fileRef = E734833A1F65191B0069E5A5 /* ConcreteColleague2.swift */; };
/* End PBXBuildFile section */

/* Begin PBXFileReference section */
		E734831D1F6514140069E5A5 /* Mediator.app */ = {isa = PBXFileReference; explicitFileType = wrapper.application; includeInIndex = 0; path = Mediator.app; sourceTree = BUILT_PRODUCTS_DIR; };
		E73483201F6514140069E5A5 /* AppDelegate.swift */ = {isa = PBXFileReference; lastKnownFileType = sourcecode.swift; path = AppDelegate.swift; sourceTree = "<group>"; };
		E73483221F6514140069E5A5 /* ViewController.swift */ = {isa = PBXFileReference; lastKnownFileType = sourcecode.swift; path = ViewController.swift; sourceTree = "<group>"; };
		E73483251F6514140069E5A5 /* Base */ = {isa = PBXFileReference; lastKnownFileType = file.storyboard; name = Base; path = Base.lproj/Main.storyboard; sourceTree = "<group>"; };
		E73483271F6514140069E5A5 /* Assets.xcassets */ = {isa = PBXFileReference; lastKnownFileType = folder.assetcatalog; path = Assets.xcassets; sourceTree = "<group>"; };
		E734832A1F6514140069E5A5 /* Base */ = {isa = PBXFileReference; lastKnownFileType = file.storyboard; name = Base; path = Base.lproj/LaunchScreen.storyboard; sourceTree = "<group>"; };
		E734832C1F6514140069E5A5 /* Info.plist */ = {isa = PBXFileReference; lastKnownFileType = text.plist.xml; path = Info.plist; sourceTree = "<group>"; };
		E73483331F6514D10069E5A5 /* ConcreteMediator.swift */ = {isa = PBXFileReference; fileEncoding = 4; lastKnownFileType = sourcecode.swift; path = ConcreteMediator.swift; sourceTree = "<group>"; };
		E73483361F6515370069E5A5 /* Colleague.swift */ = {isa = PBXFileReference; fileEncoding = 4; lastKnownFileType = sourcecode.swift; path = Colleague.swift; sourceTree = "<group>"; };
		E73483381F6518330069E5A5 /* ConcreteColleague1.swift */ = {isa = PBXFileReference; fileEncoding = 4; lastKnownFileType = sourcecode.swift; path = ConcreteColleague1.swift; sourceTree = "<group>"; };
		E734833A1F65191B0069E5A5 /* ConcreteColleague2.swift */ = {isa = PBXFileReference; fileEncoding = 4; lastKnownFileType = sourcecode.swift; path = ConcreteColleague2.swift; sourceTree = "<group>"; };
/* End PBXFileReference section */

/* Begin PBXFrameworksBuildPhase section */
		E734831A1F6514140069E5A5 /* Frameworks */ = {
			isa = PBXFrameworksBuildPhase;
			buildActionMask = 2147483647;
			files = (
			);
			runOnlyForDeploymentPostprocessing = 0;
		};
/* End PBXFrameworksBuildPhase section */

/* Begin PBXGroup section */
		E73483141F6514140069E5A5 = {
			isa = PBXGroup;
			children = (
				E734831F1F6514140069E5A5 /* Mediator */,
				E734831E1F6514140069E5A5 /* Products */,
			);
			sourceTree = "<group>";
		};
		E734831E1F6514140069E5A5 /* Products */ = {
			isa = PBXGroup;
			children = (
				E734831D1F6514140069E5A5 /* Mediator.app */,
			);
			name = Products;
			sourceTree = "<group>";
		};
		E734831F1F6514140069E5A5 /* Mediator */ = {
			isa = PBXGroup;
			children = (
				E73483351F6515240069E5A5 /* Models */,
				E73483201F6514140069E5A5 /* AppDelegate.swift */,
				E73483221F6514140069E5A5 /* ViewController.swift */,
				E73483241F6514140069E5A5 /* Main.storyboard */,
				E73483271F6514140069E5A5 /* Assets.xcassets */,
				E73483291F6514140069E5A5 /* LaunchScreen.storyboard */,
				E734832C1F6514140069E5A5 /* Info.plist */,
			);
			path = Mediator;
			sourceTree = "<group>";
		};
		E73483351F6515240069E5A5 /* Models */ = {
			isa = PBXGroup;
			children = (
				E73483331F6514D10069E5A5 /* ConcreteMediator.swift */,
				E73483361F6515370069E5A5 /* Colleague.swift */,
				E73483381F6518330069E5A5 /* ConcreteColleague1.swift */,
				E734833A1F65191B0069E5A5 /* ConcreteColleague2.swift */,
			);
			name = Models;
			sourceTree = "<group>";
		};
/* End PBXGroup section */

/* Begin PBXNativeTarget section */
		E734831C1F6514140069E5A5 /* Mediator */ = {
			isa = PBXNativeTarget;
			buildConfigurationList = E734832F1F6514140069E5A5 /* Build configuration list for PBXNativeTarget "Mediator" */;
			buildPhases = (
				E73483191F6514140069E5A5 /* Sources */,
				E734831A1F6514140069E5A5 /* Frameworks */,
				E734831B1F6514140069E5A5 /* Resources */,
			);
			buildRules = (
			);
			dependencies = (
			);
			name = Mediator;
			productName = Mediator;
			productReference = E734831D1F6514140069E5A5 /* Mediator.app */;
			productType = "com.apple.product-type.application";
		};
/* End PBXNativeTarget section */

/* Begin PBXProject section */
		E73483151F6514140069E5A5 /* Project object */ = {
			isa = PBXProject;
			attributes = {
				LastSwiftUpdateCheck = 0830;
				LastUpgradeCheck = 0830;
				ORGANIZATIONNAME = DeveloperZhang;
				TargetAttributes = {
					E734831C1F6514140069E5A5 = {
						CreatedOnToolsVersion = 8.3.2;
						LastSwiftMigration = 0830;
						ProvisioningStyle = Automatic;
					};
				};
			};
			buildConfigurationList = E73483181F6514140069E5A5 /* Build configuration list for PBXProject "Mediator" */;
			compatibilityVersion = "Xcode 3.2";
			developmentRegion = English;
			hasScannedForEncodings = 0;
			knownRegions = (
				en,
				Base,
			);
			mainGroup = E73483141F6514140069E5A5;
			productRefGroup = E734831E1F6514140069E5A5 /* Products */;
			projectDirPath = "";
			projectRoot = "";
			targets = (
				E734831C1F6514140069E5A5 /* Mediator */,
			);
		};
/* End PBXProject section */

/* Begin PBXResourcesBuildPhase section */
		E734831B1F6514140069E5A5 /* Resources */ = {
			isa = PBXResourcesBuildPhase;
			buildActionMask = 2147483647;
			files = (
				E734832B1F6514140069E5A5 /* LaunchScreen.storyboard in Resources */,
				E73483281F6514140069E5A5 /* Assets.xcassets in Resources */,
				E73483261F6514140069E5A5 /* Main.storyboard in Resources */,
			);
			runOnlyForDeploymentPostprocessing = 0;
		};
/* End PBXResourcesBuildPhase section */

/* Begin PBXSourcesBuildPhase section */
		E73483191F6514140069E5A5 /* Sources */ = {
			isa = PBXSourcesBuildPhase;
			buildActionMask = 2147483647;
			files = (
				E73483341F6514D10069E5A5 /* ConcreteMediator.swift in Sources */,
				E734833B1F65191B0069E5A5 /* ConcreteColleague2.swift in Sources */,
				E73483231F6514140069E5A5 /* ViewController.swift in Sources */,
				E73483211F6514140069E5A5 /* AppDelegate.swift in Sources */,
				E73483371F6515370069E5A5 /* Colleague.swift in Sources */,
				E73483391F6518330069E5A5 /* ConcreteColleague1.swift in Sources */,
			);
			runOnlyForDeploymentPostprocessing = 0;
		};
/* End PBXSourcesBuildPhase section */

/* Begin PBXVariantGroup section */
		E73483241F6514140069E5A5 /* Main.storyboard */ = {
			isa = PBXVariantGroup;
			children = (
				E73483251F6514140069E5A5 /* Base */,
			);
			name = Main.storyboard;
			sourceTree = "<group>";
		};
		E73483291F6514140069E5A5 /* LaunchScreen.storyboard */ = {
			isa = PBXVariantGroup;
			children = (
				E734832A1F6514140069E5A5 /* Base */,
			);
			name = LaunchScreen.storyboard;
			sourceTree = "<group>";
		};
/* End PBXVariantGroup section */

/* Begin XCBuildConfiguration section */
		E734832D1F6514140069E5A5 /* Debug */ = {
			isa = XCBuildConfiguration;
			buildSettings = {
				ALWAYS_SEARCH_USER_PATHS = NO;
				CLANG_ANALYZER_NONNULL = YES;
				CLANG_ANALYZER_NUMBER_OBJECT_CONVERSION = YES_AGGRESSIVE;
				CLANG_CXX_LANGUAGE_STANDARD = "gnu++0x";
				CLANG_CXX_LIBRARY = "libc++";
				CLANG_ENABLE_MODULES = YES;
				CLANG_ENABLE_OBJC_ARC = YES;
				CLANG_WARN_BOOL_CONVERSION = YES;
				CLANG_WARN_CONSTANT_CONVERSION = YES;
				CLANG_WARN_DIRECT_OBJC_ISA_USAGE = YES_ERROR;
				CLANG_WARN_DOCUMENTATION_COMMENTS = YES;
				CLANG_WARN_EMPTY_BODY = YES;
				CLANG_WARN_ENUM_CONVERSION = YES;
				CLANG_WARN_INFINITE_RECURSION = YES;
				CLANG_WARN_INT_CONVERSION = YES;
				CLANG_WARN_OBJC_ROOT_CLASS = YES_ERROR;
				CLANG_WARN_SUSPICIOUS_MOVE = YES;
				CLANG_WARN_UNREACHABLE_CODE = YES;
				CLANG_WARN__DUPLICATE_METHOD_MATCH = YES;
				"CODE_SIGN_IDENTITY[sdk=iphoneos*]" = "iPhone Developer";
				COPY_PHASE_STRIP = NO;
				DEBUG_INFORMATION_FORMAT = dwarf;
				ENABLE_STRICT_OBJC_MSGSEND = YES;
				ENABLE_TESTABILITY = YES;
				GCC_C_LANGUAGE_STANDARD = gnu99;
				GCC_DYNAMIC_NO_PIC = NO;
				GCC_NO_COMMON_BLOCKS = YES;
				GCC_OPTIMIZATION_LEVEL = 0;
				GCC_PREPROCESSOR_DEFINITIONS = (
					"DEBUG=1",
					"$(inherited)",
				);
				GCC_WARN_64_TO_32_BIT_CONVERSION = YES;
				GCC_WARN_ABOUT_RETURN_TYPE = YES_ERROR;
				GCC_WARN_UNDECLARED_SELECTOR = YES;
				GCC_WARN_UNINITIALIZED_AUTOS = YES_AGGRESSIVE;
				GCC_WARN_UNUSED_FUNCTION = YES;
				GCC_WARN_UNUSED_VARIABLE = YES;
				IPHONEOS_DEPLOYMENT_TARGET = 10.3;
				MTL_ENABLE_DEBUG_INFO = YES;
				ONLY_ACTIVE_ARCH = YES;
				SDKROOT = iphoneos;
				SWIFT_ACTIVE_COMPILATION_CONDITIONS = DEBUG;
				SWIFT_OPTIMIZATION_LEVEL = "-Onone";
			};
			name = Debug;
		};
		E734832E1F6514140069E5A5 /* Release */ = {
			isa = XCBuildConfiguration;
			buildSettings = {
				ALWAYS_SEARCH_USER_PATHS = NO;
				CLANG_ANALYZER_NONNULL = YES;
				CLANG_ANALYZER_NUMBER_OBJECT_CONVERSION = YES_AGGRESSIVE;
				CLANG_CXX_LANGUAGE_STANDARD = "gnu++0x";
				CLANG_CXX_LIBRARY = "libc++";
				CLANG_ENABLE_MODULES = YES;
				CLANG_ENABLE_OBJC_ARC = YES;
				CLANG_WARN_BOOL_CONVERSION = YES;
				CLANG_WARN_CONSTANT_CONVERSION = YES;
				CLANG_WARN_DIRECT_OBJC_ISA_USAGE = YES_ERROR;
				CLANG_WARN_DOCUMENTATION_COMMENTS = YES;
				CLANG_WARN_EMPTY_BODY = YES;
				CLANG_WARN_ENUM_CONVERSION = YES;
				CLANG_WARN_INFINITE_RECURSION = YES;
				CLANG_WARN_INT_CONVERSION = YES;
				CLANG_WARN_OBJC_ROOT_CLASS = YES_ERROR;
				CLANG_WARN_SUSPICIOUS_MOVE = YES;
				CLANG_WARN_UNREACHABLE_CODE = YES;
				CLANG_WARN__DUPLICATE_METHOD_MATCH = YES;
				"CODE_SIGN_IDENTITY[sdk=iphoneos*]" = "iPhone Developer";
				COPY_PHASE_STRIP = NO;
				DEBUG_INFORMATION_FORMAT = "dwarf-with-dsym";
				ENABLE_NS_ASSERTIONS = NO;
				ENABLE_STRICT_OBJC_MSGSEND = YES;
				GCC_C_LANGUAGE_STANDARD = gnu99;
				GCC_NO_COMMON_BLOCKS = YES;
				GCC_WARN_64_TO_32_BIT_CONVERSION = YES;
				GCC_WARN_ABOUT_RETURN_TYPE = YES_ERROR;
				GCC_WARN_UNDECLARED_SELECTOR = YES;
				GCC_WARN_UNINITIALIZED_AUTOS = YES_AGGRESSIVE;
				GCC_WARN_UNUSED_FUNCTION = YES;
				GCC_WARN_UNUSED_VARIABLE = YES;
				IPHONEOS_DEPLOYMENT_TARGET = 10.3;
				MTL_ENABLE_DEBUG_INFO = NO;
				SDKROOT = iphoneos;
				SWIFT_OPTIMIZATION_LEVEL = "-Owholemodule";
				VALIDATE_PRODUCT = YES;
			};
			name = Release;
		};
		E73483301F6514140069E5A5 /* Debug */ = {
			isa = XCBuildConfiguration;
			buildSettings = {
				ASSETCATALOG_COMPILER_APPICON_NAME = AppIcon;
				CLANG_ENABLE_MODULES = YES;
				INFOPLIST_FILE = Mediator/Info.plist;
				LD_RUNPATH_SEARCH_PATHS = "$(inherited) @executable_path/Frameworks";
				PRODUCT_BUNDLE_IDENTIFIER = com.vicentz.Mediator;
				PRODUCT_NAME = "$(TARGET_NAME)";
				SWIFT_OPTIMIZATION_LEVEL = "-Onone";
				SWIFT_VERSION = 3.0;
			};
			name = Debug;
		};
		E73483311F6514140069E5A5 /* Release */ = {
			isa = XCBuildConfiguration;
			buildSettings = {
				ASSETCATALOG_COMPILER_APPICON_NAME = AppIcon;
				CLANG_ENABLE_MODULES = YES;
				INFOPLIST_FILE = Mediator/Info.plist;
				LD_RUNPATH_SEARCH_PATHS = "$(inherited) @executable_path/Frameworks";
				PRODUCT_BUNDLE_IDENTIFIER = com.vicentz.Mediator;
				PRODUCT_NAME = "$(TARGET_NAME)";
				SWIFT_VERSION = 3.0;
			};
			name = Release;
		};
/* End XCBuildConfiguration section */

/* Begin XCConfigurationList section */
		E73483181F6514140069E5A5 /* Build configuration list for PBXProject "Mediator" */ = {
			isa = XCConfigurationList;
			buildConfigurations = (
				E734832D1F6514140069E5A5 /* Debug */,
				E734832E1F6514140069E5A5 /* Release */,
			);
			defaultConfigurationIsVisible = 0;
			defaultConfigurationName = Release;
		};
		E734832F1F6514140069E5A5 /* Build configuration list for PBXNativeTarget "Mediator" */ = {
			isa = XCConfigurationList;
			buildConfigurations = (
				E73483301F6514140069E5A5 /* Debug */,
				E73483311F6514140069E5A5 /* Release */,
			);
			defaultConfigurationIsVisible = 0;
		};
/* End XCConfigurationList section */
	};
	rootObject = E73483151F6514140069E5A5 /* Project object */;
}
